
Microsoft Visual Studio Solution File, Format Version 12.00
# Visual Studio 15
VisualStudioVersion = 15.0.28307.438
MinimumVisualStudioVersion = 10.0.40219.1
Project("{FAE04EC0-301F-11D3-BF4B-00C04F79EFBC}") = "SolarAutomation", "SolarAutomation\SolarAutomation.csproj", "{1271B892-2A65-42B9-ABB2-05C4BC11E2FA}"
EndProject
Project("{FAE04EC0-301F-11D3-BF4B-00C04F79EFBC}") = "ClassLibrary1", "ClassLibrary1\ClassLibrary1.csproj", "{A0B76D35-72A0-418E-AA83-B861F0CE5902}"
EndProject
Global
	GlobalSection(SolutionConfigurationPlatforms) = preSolution
		Debug|Any CPU = Debug|Any CPU
		Release|Any CPU = Release|Any CPU
	EndGlobalSection
	GlobalSection(ProjectConfigurationPlatforms) = postSolution
		{1271B892-2A65-42B9-ABB2-05C4BC11E2FA}.Debug|Any CPU.ActiveCfg = Debug|Any CPU
		{1271B892-2A65-42B9-ABB2-05C4BC11E2FA}.Debug|Any CPU.Build.0 = Debug|Any CPU
		{1271B892-2A65-42B9-ABB2-05C4BC11E2FA}.Release|Any CPU.ActiveCfg = Release|Any CPU
		{1271B892-2A65-42B9-ABB2-05C4BC11E2FA}.Release|Any CPU.Build.0 = Release|Any CPU
		{A0B76D35-72A0-418E-AA83-B861F0CE5902}.Debug|Any CPU.ActiveCfg = Debug|Any CPU
		{A0B76D35-72A0-418E-AA83-B861F0CE5902}.Debug|Any CPU.Build.0 = Debug|Any CPU
		{A0B76D35-72A0-418E-AA83-B861F0CE5902}.Release|Any CPU.ActiveCfg = Release|Any CPU
		{A0B76D35-72A0-418E-AA83-B861F0CE5902}.Release|Any CPU.Build.0 = Release|Any CPU
	EndGlobalSection
	GlobalSection(SolutionProperties) = preSolution
		HideSolutionNode = FALSE
	EndGlobalSection
	GlobalSection(ExtensibilityGlobals) = postSolution
		SolutionGuid = {D9FBC177-B328-4BF4-B732-1F1E37255807}
	EndGlobalSection
EndGlobal
